
Microsoft Visual Studio Solution File, Format Version 12.00
# Visual Studio Version 16
VisualStudioVersion = 16.0.30503.244
MinimumVisualStudioVersion = 10.0.40219.1
Project("{FAE04EC0-301F-11D3-BF4B-00C04F79EFBC}") = "MouseTest", "MouseTest\MouseTest.csproj", "{60F541F2-074C-47F4-AEEB-99E65787C993}"
EndProject
Global
	GlobalSection(SolutionConfigurationPlatforms) = preSolution
		Debug|Any CPU = Debug|Any CPU
		Release|Any CPU = Release|Any CPU
	EndGlobalSection
	GlobalSection(ProjectConfigurationPlatforms) = postSolution
		{60F541F2-074C-47F4-AEEB-99E65787C993}.Debug|Any CPU.ActiveCfg = Debug|Any CPU
		{60F541F2-074C-47F4-AEEB-99E65787C993}.Debug|Any CPU.Build.0 = Debug|Any CPU
		{60F541F2-074C-47F4-AEEB-99E65787C993}.Release|Any CPU.ActiveCfg = Release|Any CPU
		{60F541F2-074C-47F4-AEEB-99E65787C993}.Release|Any CPU.Build.0 = Release|Any CPU
	EndGlobalSection
	GlobalSection(SolutionProperties) = preSolution
		HideSolutionNode = FALSE
	EndGlobalSection
	GlobalSection(ExtensibilityGlobals) = postSolution
		SolutionGuid = {2869E6C2-E036-4560-8076-F28A796BE7C3}
	EndGlobalSection
EndGlobal
