
Microsoft Visual Studio Solution File, Format Version 12.00
# Visual Studio Version 16
VisualStudioVersion = 16.0.30503.244
MinimumVisualStudioVersion = 10.0.40219.1
Project("{FAE04EC0-301F-11D3-BF4B-00C04F79EFBC}") = "MusicTest", "MusicTest\MusicTest.csproj", "{C2E2AFFC-B022-4E72-8AC6-4CD5C8BCB390}"
EndProject
Global
	GlobalSection(SolutionConfigurationPlatforms) = preSolution
		Debug|Any CPU = Debug|Any CPU
		Release|Any CPU = Release|Any CPU
	EndGlobalSection
	GlobalSection(ProjectConfigurationPlatforms) = postSolution
		{C2E2AFFC-B022-4E72-8AC6-4CD5C8BCB390}.Debug|Any CPU.ActiveCfg = Debug|Any CPU
		{C2E2AFFC-B022-4E72-8AC6-4CD5C8BCB390}.Debug|Any CPU.Build.0 = Debug|Any CPU
		{C2E2AFFC-B022-4E72-8AC6-4CD5C8BCB390}.Release|Any CPU.ActiveCfg = Release|Any CPU
		{C2E2AFFC-B022-4E72-8AC6-4CD5C8BCB390}.Release|Any CPU.Build.0 = Release|Any CPU
	EndGlobalSection
	GlobalSection(SolutionProperties) = preSolution
		HideSolutionNode = FALSE
	EndGlobalSection
	GlobalSection(ExtensibilityGlobals) = postSolution
		SolutionGuid = {B47E284F-58D5-4FE2-9A7A-FF41F602B221}
	EndGlobalSection
EndGlobal
